// !$*UTF8*$!
{
	archiveVersion = 1;
	classes = {
	};
	objectVersion = 46;
	objects = {

/* Begin PBXBuildFile section */
		86284B4D1BC96B4B005C2117 /* main.m in Sources */ = {isa = PBXBuildFile; fileRef = 86284B4C1BC96B4B005C2117 /* main.m */; };
		86284B501BC96B4B005C2117 /* AppDelegate.m in Sources */ = {isa = PBXBuildFile; fileRef = 86284B4F1BC96B4B005C2117 /* AppDelegate.m */; };
		86284B531BC96B4B005C2117 /* FirstScreenViewController.m in Sources */ = {isa = PBXBuildFile; fileRef = 86284B521BC96B4B005C2117 /* FirstScreenViewController.m */; };
		86284B561BC96B4B005C2117 /* Main.storyboard in Resources */ = {isa = PBXBuildFile; fileRef = 86284B541BC96B4B005C2117 /* Main.storyboard */; };
		86284B581BC96B4B005C2117 /* Assets.xcassets in Resources */ = {isa = PBXBuildFile; fileRef = 86284B571BC96B4B005C2117 /* Assets.xcassets */; };
		86284B5B1BC96B4B005C2117 /* LaunchScreen.storyboard in Resources */ = {isa = PBXBuildFile; fileRef = 86284B591BC96B4B005C2117 /* LaunchScreen.storyboard */; };
/* End PBXBuildFile section */

/* Begin PBXFileReference section */
		86284B481BC96B4B005C2117 /* Rainforest.app */ = {isa = PBXFileReference; explicitFileType = wrapper.application; includeInIndex = 0; path = Rainforest.app; sourceTree = BUILT_PRODUCTS_DIR; };
		86284B4C1BC96B4B005C2117 /* main.m */ = {isa = PBXFileReference; lastKnownFileType = sourcecode.c.objc; path = main.m; sourceTree = "<group>"; };
		86284B4E1BC96B4B005C2117 /* AppDelegate.h */ = {isa = PBXFileReference; lastKnownFileType = sourcecode.c.h; path = AppDelegate.h; sourceTree = "<group>"; };
		86284B4F1BC96B4B005C2117 /* AppDelegate.m */ = {isa = PBXFileReference; lastKnownFileType = sourcecode.c.objc; path = AppDelegate.m; sourceTree = "<group>"; };
		86284B511BC96B4B005C2117 /* FirstScreenViewController.h */ = {isa = PBXFileReference; lastKnownFileType = sourcecode.c.h; path = FirstScreenViewController.h; sourceTree = "<group>"; };
		86284B521BC96B4B005C2117 /* FirstScreenViewController.m */ = {isa = PBXFileReference; lastKnownFileType = sourcecode.c.objc; path = FirstScreenViewController.m; sourceTree = "<group>"; };
		86284B551BC96B4B005C2117 /* Base */ = {isa = PBXFileReference; lastKnownFileType = file.storyboard; name = Base; path = Base.lproj/Main.storyboard; sourceTree = "<group>"; };
		86284B571BC96B4B005C2117 /* Assets.xcassets */ = {isa = PBXFileReference; lastKnownFileType = folder.assetcatalog; path = Assets.xcassets; sourceTree = "<group>"; };
		86284B5A1BC96B4B005C2117 /* Base */ = {isa = PBXFileReference; lastKnownFileType = file.storyboard; name = Base; path = Base.lproj/LaunchScreen.storyboard; sourceTree = "<group>"; };
		86284B5C1BC96B4B005C2117 /* Info.plist */ = {isa = PBXFileReference; lastKnownFileType = text.plist.xml; path = Info.plist; sourceTree = "<group>"; };
/* End PBXFileReference section */

/* Begin PBXFrameworksBuildPhase section */
		86284B451BC96B4B005C2117 /* Frameworks */ = {
			isa = PBXFrameworksBuildPhase;
			buildActionMask = 2147483647;
			files = (
			);
			runOnlyForDeploymentPostprocessing = 0;
		};
/* End PBXFrameworksBuildPhase section */

/* Begin PBXGroup section */
		86284B3F1BC96B4B005C2117 = {
			isa = PBXGroup;
			children = (
				86284B4A1BC96B4B005C2117 /* Rainforest */,
				86284B491BC96B4B005C2117 /* Products */,
			);
			sourceTree = "<group>";
		};
		86284B491BC96B4B005C2117 /* Products */ = {
			isa = PBXGroup;
			children = (
				86284B481BC96B4B005C2117 /* Rainforest.app */,
			);
			name = Products;
			sourceTree = "<group>";
		};
		86284B4A1BC96B4B005C2117 /* Rainforest */ = {
			isa = PBXGroup;
			children = (
				86284B4E1BC96B4B005C2117 /* AppDelegate.h */,
				86284B4F1BC96B4B005C2117 /* AppDelegate.m */,
				86284B511BC96B4B005C2117 /* FirstScreenViewController.h */,
				86284B521BC96B4B005C2117 /* FirstScreenViewController.m */,
				86284B541BC96B4B005C2117 /* Main.storyboard */,
				86284B571BC96B4B005C2117 /* Assets.xcassets */,
				86284B591BC96B4B005C2117 /* LaunchScreen.storyboard */,
				86284B5C1BC96B4B005C2117 /* Info.plist */,
				86284B4B1BC96B4B005C2117 /* Supporting Files */,
			);
			path = Rainforest;
			sourceTree = "<group>";
		};
		86284B4B1BC96B4B005C2117 /* Supporting Files */ = {
			isa = PBXGroup;
			children = (
				86284B4C1BC96B4B005C2117 /* main.m */,
			);
			name = "Supporting Files";
			sourceTree = "<group>";
		};
/* End PBXGroup section */

/* Begin PBXNativeTarget section */
		86284B471BC96B4B005C2117 /* Rainforest */ = {
			isa = PBXNativeTarget;
			buildConfigurationList = 86284B5F1BC96B4B005C2117 /* Build configuration list for PBXNativeTarget "Rainforest" */;
			buildPhases = (
				86284B441BC96B4B005C2117 /* Sources */,
				86284B451BC96B4B005C2117 /* Frameworks */,
				86284B461BC96B4B005C2117 /* Resources */,
			);
			buildRules = (
			);
			dependencies = (
			);
			name = Rainforest;
			productName = Rainforest;
			productReference = 86284B481BC96B4B005C2117 /* Rainforest.app */;
			productType = "com.apple.product-type.application";
		};
/* End PBXNativeTarget section */

/* Begin PBXProject section */
		86284B401BC96B4B005C2117 /* Project object */ = {
			isa = PBXProject;
			attributes = {
				LastUpgradeCheck = 0700;
				ORGANIZATIONNAME = Schinny;
				TargetAttributes = {
					86284B471BC96B4B005C2117 = {
						CreatedOnToolsVersion = 7.0.1;
						DevelopmentTeam = 353A8H68WK;
					};
				};
			};
			buildConfigurationList = 86284B431BC96B4B005C2117 /* Build configuration list for PBXProject "Rainforest" */;
			compatibilityVersion = "Xcode 3.2";
			developmentRegion = English;
			hasScannedForEncodings = 0;
			knownRegions = (
				en,
				Base,
			);
			mainGroup = 86284B3F1BC96B4B005C2117;
			productRefGroup = 86284B491BC96B4B005C2117 /* Products */;
			projectDirPath = "";
			projectRoot = "";
			targets = (
				86284B471BC96B4B005C2117 /* Rainforest */,
			);
		};
/* End PBXProject section */

/* Begin PBXResourcesBuildPhase section */
		86284B461BC96B4B005C2117 /* Resources */ = {
			isa = PBXResourcesBuildPhase;
			buildActionMask = 2147483647;
			files = (
				86284B5B1BC96B4B005C2117 /* LaunchScreen.storyboard in Resources */,
				86284B581BC96B4B005C2117 /* Assets.xcassets in Resources */,
				86284B561BC96B4B005C2117 /* Main.storyboard in Resources */,
			);
			runOnlyForDeploymentPostprocessing = 0;
		};
/* End PBXResourcesBuildPhase section */

/* Begin PBXSourcesBuildPhase section */
		86284B441BC96B4B005C2117 /* Sources */ = {
			isa = PBXSourcesBuildPhase;
			buildActionMask = 2147483647;
			files = (
				86284B531BC96B4B005C2117 /* FirstScreenViewController.m in Sources */,
				86284B501BC96B4B005C2117 /* AppDelegate.m in Sources */,
				86284B4D1BC96B4B005C2117 /* main.m in Sources */,
			);
			runOnlyForDeploymentPostprocessing = 0;
		};
/* End PBXSourcesBuildPhase section */

/* Begin PBXVariantGroup section */
		86284B541BC96B4B005C2117 /* Main.storyboard */ = {
			isa = PBXVariantGroup;
			children = (
				86284B551BC96B4B005C2117 /* Base */,
			);
			name = Main.storyboard;
			sourceTree = "<group>";
		};
		86284B591BC96B4B005C2117 /* LaunchScreen.storyboard */ = {
			isa = PBXVariantGroup;
			children = (
				86284B5A1BC96B4B005C2117 /* Base */,
			);
			name = LaunchScreen.storyboard;
			sourceTree = "<group>";
		};
/* End PBXVariantGroup section */

/* Begin XCBuildConfiguration section */
		86284B5D1BC96B4B005C2117 /* Debug */ = {
			isa = XCBuildConfiguration;
			buildSettings = {
				ALWAYS_SEARCH_USER_PATHS = NO;
				CLANG_CXX_LANGUAGE_STANDARD = "gnu++0x";
				CLANG_CXX_LIBRARY = "libc++";
				CLANG_ENABLE_MODULES = YES;
				CLANG_ENABLE_OBJC_ARC = YES;
				CLANG_WARN_BOOL_CONVERSION = YES;
				CLANG_WARN_CONSTANT_CONVERSION = YES;
				CLANG_WARN_DIRECT_OBJC_ISA_USAGE = YES_ERROR;
				CLANG_WARN_EMPTY_BODY = YES;
				CLANG_WARN_ENUM_CONVERSION = YES;
				CLANG_WARN_INT_CONVERSION = YES;
				CLANG_WARN_OBJC_ROOT_CLASS = YES_ERROR;
				CLANG_WARN_UNREACHABLE_CODE = YES;
				CLANG_WARN__DUPLICATE_METHOD_MATCH = YES;
				"CODE_SIGN_IDENTITY[sdk=iphoneos*]" = "iPhone Developer";
				COPY_PHASE_STRIP = NO;
				DEBUG_INFORMATION_FORMAT = dwarf;
				ENABLE_STRICT_OBJC_MSGSEND = YES;
				ENABLE_TESTABILITY = YES;
				GCC_C_LANGUAGE_STANDARD = gnu99;
				GCC_DYNAMIC_NO_PIC = NO;
				GCC_NO_COMMON_BLOCKS = YES;
				GCC_OPTIMIZATION_LEVEL = 0;
				GCC_PREPROCESSOR_DEFINITIONS = (
					"DEBUG=1",
					"$(inherited)",
				);
				GCC_WARN_64_TO_32_BIT_CONVERSION = YES;
				GCC_WARN_ABOUT_RETURN_TYPE = YES_ERROR;
				GCC_WARN_UNDECLARED_SELECTOR = YES;
				GCC_WARN_UNINITIALIZED_AUTOS = YES_AGGRESSIVE;
				GCC_WARN_UNUSED_FUNCTION = YES;
				GCC_WARN_UNUSED_VARIABLE = YES;
				IPHONEOS_DEPLOYMENT_TARGET = 9.0;
				MTL_ENABLE_DEBUG_INFO = YES;
				ONLY_ACTIVE_ARCH = YES;
				SDKROOT = iphoneos;
				TARGETED_DEVICE_FAMILY = "1,2";
			};
			name = Debug;
		};
		86284B5E1BC96B4B005C2117 /* Release */ = {
			isa = XCBuildConfiguration;
			buildSettings = {
				ALWAYS_SEARCH_USER_PATHS = NO;
				CLANG_CXX_LANGUAGE_STANDARD = "gnu++0x";
				CLANG_CXX_LIBRARY = "libc++";
				CLANG_ENABLE_MODULES = YES;
				CLANG_ENABLE_OBJC_ARC = YES;
				CLANG_WARN_BOOL_CONVERSION = YES;
				CLANG_WARN_CONSTANT_CONVERSION = YES;
				CLANG_WARN_DIRECT_OBJC_ISA_USAGE = YES_ERROR;
				CLANG_WARN_EMPTY_BODY = YES;
				CLANG_WARN_ENUM_CONVERSION = YES;
				CLANG_WARN_INT_CONVERSION = YES;
				CLANG_WARN_OBJC_ROOT_CLASS = YES_ERROR;
				CLANG_WARN_UNREACHABLE_CODE = YES;
				CLANG_WARN__DUPLICATE_METHOD_MATCH = YES;
				"CODE_SIGN_IDENTITY[sdk=iphoneos*]" = "iPhone Developer";
				COPY_PHASE_STRIP = NO;
				DEBUG_INFORMATION_FORMAT = "dwarf-with-dsym";
				ENABLE_NS_ASSERTIONS = NO;
				ENABLE_STRICT_OBJC_MSGSEND = YES;
				GCC_C_LANGUAGE_STANDARD = gnu99;
				GCC_NO_COMMON_BLOCKS = YES;
				GCC_WARN_64_TO_32_BIT_CONVERSION = YES;
				GCC_WARN_ABOUT_RETURN_TYPE = YES_ERROR;
				GCC_WARN_UNDECLARED_SELECTOR = YES;
				GCC_WARN_UNINITIALIZED_AUTOS = YES_AGGRESSIVE;
				GCC_WARN_UNUSED_FUNCTION = YES;
				GCC_WARN_UNUSED_VARIABLE = YES;
				IPHONEOS_DEPLOYMENT_TARGET = 9.0;
				MTL_ENABLE_DEBUG_INFO = NO;
				SDKROOT = iphoneos;
				TARGETED_DEVICE_FAMILY = "1,2";
				VALIDATE_PRODUCT = YES;
			};
			name = Release;
		};
		86284B601BC96B4B005C2117 /* Debug */ = {
			isa = XCBuildConfiguration;
			buildSettings = {
				ASSETCATALOG_COMPILER_APPICON_NAME = AppIcon;
				INFOPLIST_FILE = Rainforest/Info.plist;
				LD_RUNPATH_SEARCH_PATHS = "$(inherited) @executable_path/Frameworks";
				PRODUCT_BUNDLE_IDENTIFIER = LunaLikesArt.Rainforest;
				PRODUCT_NAME = "$(TARGET_NAME)";
			};
			name = Debug;
		};
		86284B611BC96B4B005C2117 /* Release */ = {
			isa = XCBuildConfiguration;
			buildSettings = {
				ASSETCATALOG_COMPILER_APPICON_NAME = AppIcon;
				INFOPLIST_FILE = Rainforest/Info.plist;
				LD_RUNPATH_SEARCH_PATHS = "$(inherited) @executable_path/Frameworks";
				PRODUCT_BUNDLE_IDENTIFIER = LunaLikesArt.Rainforest;
				PRODUCT_NAME = "$(TARGET_NAME)";
			};
			name = Release;
		};
/* End XCBuildConfiguration section */

/* Begin XCConfigurationList section */
		86284B431BC96B4B005C2117 /* Build configuration list for PBXProject "Rainforest" */ = {
			isa = XCConfigurationList;
			buildConfigurations = (
				86284B5D1BC96B4B005C2117 /* Debug */,
				86284B5E1BC96B4B005C2117 /* Release */,
			);
			defaultConfigurationIsVisible = 0;
			defaultConfigurationName = Release;
		};
		86284B5F1BC96B4B005C2117 /* Build configuration list for PBXNativeTarget "Rainforest" */ = {
			isa = XCConfigurationList;
			buildConfigurations = (
				86284B601BC96B4B005C2117 /* Debug */,
				86284B611BC96B4B005C2117 /* Release */,
			);
			defaultConfigurationIsVisible = 0;
		};
/* End XCConfigurationList section */
	};
	rootObject = 86284B401BC96B4B005C2117 /* Project object */;
}
